
Microsoft Visual Studio Solution File, Format Version 12.00
# Visual Studio Version 16
VisualStudioVersion = 16.0.30804.86
MinimumVisualStudioVersion = 10.0.40219.1
Project("{9A19103F-16F7-4668-BE54-9A1E7A4F7556}") = "Veri.System.Api", "Veri.System.Api\Veri.System.Api.csproj", "{B7FCFD9D-3610-4E6F-8E80-31D45DEB764B}"
EndProject
Project("{9A19103F-16F7-4668-BE54-9A1E7A4F7556}") = "Veri.System.Data", "Veri.System.Data\Veri.System.Data.csproj", "{0EA9136A-3494-41F9-B3C2-9C8FECEED3DC}"
EndProject
Project("{9A19103F-16F7-4668-BE54-9A1E7A4F7556}") = "Veri.System.Extensions", "Veri.System.Extensions\Veri.System.Extensions.csproj", "{B17CE006-E1FE-4331-A5B1-0E1C1DE21D8F}"
EndProject
Project("{9A19103F-16F7-4668-BE54-9A1E7A4F7556}") = "Veri.System.Localisation", "Veri.System.Localisation\Veri.System.Localisation.csproj", "{EC8F11A1-A250-494B-A9E8-85062FD6CAE9}"
EndProject
Project("{9A19103F-16F7-4668-BE54-9A1E7A4F7556}") = "Veri.System.Services", "Veri.System.Services\Veri.System.Services.csproj", "{E39FA894-6179-493A-B195-0B1EBD57F2E7}"
EndProject
Project("{FAE04EC0-301F-11D3-BF4B-00C04F79EFBC}") = "Veri.System.Xrm.Sdk", "Veri.System.Xrm.Sdk\Veri.System.Xrm.Sdk.csproj", "{007431D8-EE82-4F69-8FEB-B50FC842D9C1}"
EndProject
Project("{2150E333-8FDC-42A3-9474-1A3956D46DE8}") = "Resources", "Resources", "{387C81F9-8082-41B1-96E3-3D7B6E5B4331}"
	ProjectSection(SolutionItems) = preProject
		..\..\..\OneDrive - Veriland Consulting Ltd\Desktop\icon.png = ..\..\..\OneDrive - Veriland Consulting Ltd\Desktop\icon.png
	EndProjectSection
EndProject
Global
	GlobalSection(SolutionConfigurationPlatforms) = preSolution
		Debug|Any CPU = Debug|Any CPU
		Debug|x64 = Debug|x64
		Release|Any CPU = Release|Any CPU
		Release|x64 = Release|x64
		x64|Any CPU = x64|Any CPU
		x64|x64 = x64|x64
	EndGlobalSection
	GlobalSection(ProjectConfigurationPlatforms) = postSolution
		{B7FCFD9D-3610-4E6F-8E80-31D45DEB764B}.Debug|Any CPU.ActiveCfg = Debug|Any CPU
		{B7FCFD9D-3610-4E6F-8E80-31D45DEB764B}.Debug|Any CPU.Build.0 = Debug|Any CPU
		{B7FCFD9D-3610-4E6F-8E80-31D45DEB764B}.Debug|x64.ActiveCfg = Debug|Any CPU
		{B7FCFD9D-3610-4E6F-8E80-31D45DEB764B}.Debug|x64.Build.0 = Debug|Any CPU
		{B7FCFD9D-3610-4E6F-8E80-31D45DEB764B}.Release|Any CPU.ActiveCfg = Release|Any CPU
		{B7FCFD9D-3610-4E6F-8E80-31D45DEB764B}.Release|Any CPU.Build.0 = Release|Any CPU
		{B7FCFD9D-3610-4E6F-8E80-31D45DEB764B}.Release|x64.ActiveCfg = Release|Any CPU
		{B7FCFD9D-3610-4E6F-8E80-31D45DEB764B}.Release|x64.Build.0 = Release|Any CPU
		{B7FCFD9D-3610-4E6F-8E80-31D45DEB764B}.x64|Any CPU.ActiveCfg = x64|Any CPU
		{B7FCFD9D-3610-4E6F-8E80-31D45DEB764B}.x64|Any CPU.Build.0 = x64|Any CPU
		{B7FCFD9D-3610-4E6F-8E80-31D45DEB764B}.x64|x64.ActiveCfg = x64|Any CPU
		{B7FCFD9D-3610-4E6F-8E80-31D45DEB764B}.x64|x64.Build.0 = x64|Any CPU
		{0EA9136A-3494-41F9-B3C2-9C8FECEED3DC}.Debug|Any CPU.ActiveCfg = Debug|Any CPU
		{0EA9136A-3494-41F9-B3C2-9C8FECEED3DC}.Debug|Any CPU.Build.0 = Debug|Any CPU
		{0EA9136A-3494-41F9-B3C2-9C8FECEED3DC}.Debug|x64.ActiveCfg = Debug|Any CPU
		{0EA9136A-3494-41F9-B3C2-9C8FECEED3DC}.Debug|x64.Build.0 = Debug|Any CPU
		{0EA9136A-3494-41F9-B3C2-9C8FECEED3DC}.Release|Any CPU.ActiveCfg = Release|Any CPU
		{0EA9136A-3494-41F9-B3C2-9C8FECEED3DC}.Release|Any CPU.Build.0 = Release|Any CPU
		{0EA9136A-3494-41F9-B3C2-9C8FECEED3DC}.Release|x64.ActiveCfg = Release|Any CPU
		{0EA9136A-3494-41F9-B3C2-9C8FECEED3DC}.Release|x64.Build.0 = Release|Any CPU
		{0EA9136A-3494-41F9-B3C2-9C8FECEED3DC}.x64|Any CPU.ActiveCfg = x64|Any CPU
		{0EA9136A-3494-41F9-B3C2-9C8FECEED3DC}.x64|Any CPU.Build.0 = x64|Any CPU
		{0EA9136A-3494-41F9-B3C2-9C8FECEED3DC}.x64|x64.ActiveCfg = x64|Any CPU
		{0EA9136A-3494-41F9-B3C2-9C8FECEED3DC}.x64|x64.Build.0 = x64|Any CPU
		{B17CE006-E1FE-4331-A5B1-0E1C1DE21D8F}.Debug|Any CPU.ActiveCfg = Debug|Any CPU
		{B17CE006-E1FE-4331-A5B1-0E1C1DE21D8F}.Debug|Any CPU.Build.0 = Debug|Any CPU
		{B17CE006-E1FE-4331-A5B1-0E1C1DE21D8F}.Debug|x64.ActiveCfg = Debug|x64
		{B17CE006-E1FE-4331-A5B1-0E1C1DE21D8F}.Debug|x64.Build.0 = Debug|x64
		{B17CE006-E1FE-4331-A5B1-0E1C1DE21D8F}.Release|Any CPU.ActiveCfg = Release|Any CPU
		{B17CE006-E1FE-4331-A5B1-0E1C1DE21D8F}.Release|Any CPU.Build.0 = Release|Any CPU
		{B17CE006-E1FE-4331-A5B1-0E1C1DE21D8F}.Release|x64.ActiveCfg = Release|x64
		{B17CE006-E1FE-4331-A5B1-0E1C1DE21D8F}.Release|x64.Build.0 = Release|x64
		{B17CE006-E1FE-4331-A5B1-0E1C1DE21D8F}.x64|Any CPU.ActiveCfg = x64|Any CPU
		{B17CE006-E1FE-4331-A5B1-0E1C1DE21D8F}.x64|Any CPU.Build.0 = x64|Any CPU
		{B17CE006-E1FE-4331-A5B1-0E1C1DE21D8F}.x64|x64.ActiveCfg = x64|x64
		{B17CE006-E1FE-4331-A5B1-0E1C1DE21D8F}.x64|x64.Build.0 = x64|x64
		{EC8F11A1-A250-494B-A9E8-85062FD6CAE9}.Debug|Any CPU.ActiveCfg = Debug|Any CPU
		{EC8F11A1-A250-494B-A9E8-85062FD6CAE9}.Debug|Any CPU.Build.0 = Debug|Any CPU
		{EC8F11A1-A250-494B-A9E8-85062FD6CAE9}.Debug|x64.ActiveCfg = Debug|Any CPU
		{EC8F11A1-A250-494B-A9E8-85062FD6CAE9}.Debug|x64.Build.0 = Debug|Any CPU
		{EC8F11A1-A250-494B-A9E8-85062FD6CAE9}.Release|Any CPU.ActiveCfg = Release|Any CPU
		{EC8F11A1-A250-494B-A9E8-85062FD6CAE9}.Release|Any CPU.Build.0 = Release|Any CPU
		{EC8F11A1-A250-494B-A9E8-85062FD6CAE9}.Release|x64.ActiveCfg = Release|Any CPU
		{EC8F11A1-A250-494B-A9E8-85062FD6CAE9}.Release|x64.Build.0 = Release|Any CPU
		{EC8F11A1-A250-494B-A9E8-85062FD6CAE9}.x64|Any CPU.ActiveCfg = x64|Any CPU
		{EC8F11A1-A250-494B-A9E8-85062FD6CAE9}.x64|Any CPU.Build.0 = x64|Any CPU
		{EC8F11A1-A250-494B-A9E8-85062FD6CAE9}.x64|x64.ActiveCfg = x64|Any CPU
		{EC8F11A1-A250-494B-A9E8-85062FD6CAE9}.x64|x64.Build.0 = x64|Any CPU
		{E39FA894-6179-493A-B195-0B1EBD57F2E7}.Debug|Any CPU.ActiveCfg = Debug|Any CPU
		{E39FA894-6179-493A-B195-0B1EBD57F2E7}.Debug|Any CPU.Build.0 = Debug|Any CPU
		{E39FA894-6179-493A-B195-0B1EBD57F2E7}.Debug|x64.ActiveCfg = Debug|Any CPU
		{E39FA894-6179-493A-B195-0B1EBD57F2E7}.Debug|x64.Build.0 = Debug|Any CPU
		{E39FA894-6179-493A-B195-0B1EBD57F2E7}.Release|Any CPU.ActiveCfg = Release|Any CPU
		{E39FA894-6179-493A-B195-0B1EBD57F2E7}.Release|Any CPU.Build.0 = Release|Any CPU
		{E39FA894-6179-493A-B195-0B1EBD57F2E7}.Release|x64.ActiveCfg = Release|Any CPU
		{E39FA894-6179-493A-B195-0B1EBD57F2E7}.Release|x64.Build.0 = Release|Any CPU
		{E39FA894-6179-493A-B195-0B1EBD57F2E7}.x64|Any CPU.ActiveCfg = x64|Any CPU
		{E39FA894-6179-493A-B195-0B1EBD57F2E7}.x64|Any CPU.Build.0 = x64|Any CPU
		{E39FA894-6179-493A-B195-0B1EBD57F2E7}.x64|x64.ActiveCfg = x64|Any CPU
		{E39FA894-6179-493A-B195-0B1EBD57F2E7}.x64|x64.Build.0 = x64|Any CPU
		{007431D8-EE82-4F69-8FEB-B50FC842D9C1}.Debug|Any CPU.ActiveCfg = Debug|Any CPU
		{007431D8-EE82-4F69-8FEB-B50FC842D9C1}.Debug|Any CPU.Build.0 = Debug|Any CPU
		{007431D8-EE82-4F69-8FEB-B50FC842D9C1}.Debug|x64.ActiveCfg = Debug|Any CPU
		{007431D8-EE82-4F69-8FEB-B50FC842D9C1}.Debug|x64.Build.0 = Debug|Any CPU
		{007431D8-EE82-4F69-8FEB-B50FC842D9C1}.Release|Any CPU.ActiveCfg = Release|Any CPU
		{007431D8-EE82-4F69-8FEB-B50FC842D9C1}.Release|Any CPU.Build.0 = Release|Any CPU
		{007431D8-EE82-4F69-8FEB-B50FC842D9C1}.Release|x64.ActiveCfg = Release|Any CPU
		{007431D8-EE82-4F69-8FEB-B50FC842D9C1}.Release|x64.Build.0 = Release|Any CPU
		{007431D8-EE82-4F69-8FEB-B50FC842D9C1}.x64|Any CPU.ActiveCfg = x64|Any CPU
		{007431D8-EE82-4F69-8FEB-B50FC842D9C1}.x64|Any CPU.Build.0 = x64|Any CPU
		{007431D8-EE82-4F69-8FEB-B50FC842D9C1}.x64|x64.ActiveCfg = x64|Any CPU
		{007431D8-EE82-4F69-8FEB-B50FC842D9C1}.x64|x64.Build.0 = x64|Any CPU
	EndGlobalSection
	GlobalSection(SolutionProperties) = preSolution
		HideSolutionNode = FALSE
	EndGlobalSection
	GlobalSection(ExtensibilityGlobals) = postSolution
		SolutionGuid = {04303E90-6C1A-47D6-B4E7-3D7DC9669C60}
	EndGlobalSection
EndGlobal
